
Microsoft Visual Studio Solution File, Format Version 12.00
# Visual Studio Version 16
VisualStudioVersion = 16.0.29911.84
MinimumVisualStudioVersion = 10.0.40219.1
Project("{FAE04EC0-301F-11D3-BF4B-00C04F79EFBC}") = "WebAppProject1", "WebAppProject1.csproj", "{8E9D646C-F271-4C36-8F5F-7385230CF768}"
EndProject
Project("{FAE04EC0-301F-11D3-BF4B-00C04F79EFBC}") = "WebAppProject1.Services", "..\WebAppProject1.Services\WebAppProject1.Services.csproj", "{F94824C6-BF61-4943-87B3-173844086CAF}"
EndProject
Project("{FAE04EC0-301F-11D3-BF4B-00C04F79EFBC}") = "WebAppProject1.Persistence", "..\WebAppProject1.Persistence\WebAppProject1.Persistence.csproj", "{67E334F2-85B4-4D63-A258-789826ED709A}"
EndProject
Project("{FAE04EC0-301F-11D3-BF4B-00C04F79EFBC}") = "WebAppProject1.Entity", "..\WebAppProject1.Entity\WebAppProject1.Entity.csproj", "{F8F1FAF3-33BA-4667-A51B-A7D43C994A33}"
EndProject
Global
	GlobalSection(SolutionConfigurationPlatforms) = preSolution
		Debug|Any CPU = Debug|Any CPU
		Release|Any CPU = Release|Any CPU
	EndGlobalSection
	GlobalSection(ProjectConfigurationPlatforms) = postSolution
		{8E9D646C-F271-4C36-8F5F-7385230CF768}.Debug|Any CPU.ActiveCfg = Debug|Any CPU
		{8E9D646C-F271-4C36-8F5F-7385230CF768}.Debug|Any CPU.Build.0 = Debug|Any CPU
		{8E9D646C-F271-4C36-8F5F-7385230CF768}.Release|Any CPU.ActiveCfg = Release|Any CPU
		{8E9D646C-F271-4C36-8F5F-7385230CF768}.Release|Any CPU.Build.0 = Release|Any CPU
		{F94824C6-BF61-4943-87B3-173844086CAF}.Debug|Any CPU.ActiveCfg = Debug|Any CPU
		{F94824C6-BF61-4943-87B3-173844086CAF}.Debug|Any CPU.Build.0 = Debug|Any CPU
		{F94824C6-BF61-4943-87B3-173844086CAF}.Release|Any CPU.ActiveCfg = Release|Any CPU
		{F94824C6-BF61-4943-87B3-173844086CAF}.Release|Any CPU.Build.0 = Release|Any CPU
		{67E334F2-85B4-4D63-A258-789826ED709A}.Debug|Any CPU.ActiveCfg = Debug|Any CPU
		{67E334F2-85B4-4D63-A258-789826ED709A}.Debug|Any CPU.Build.0 = Debug|Any CPU
		{67E334F2-85B4-4D63-A258-789826ED709A}.Release|Any CPU.ActiveCfg = Release|Any CPU
		{67E334F2-85B4-4D63-A258-789826ED709A}.Release|Any CPU.Build.0 = Release|Any CPU
		{F8F1FAF3-33BA-4667-A51B-A7D43C994A33}.Debug|Any CPU.ActiveCfg = Debug|Any CPU
		{F8F1FAF3-33BA-4667-A51B-A7D43C994A33}.Debug|Any CPU.Build.0 = Debug|Any CPU
		{F8F1FAF3-33BA-4667-A51B-A7D43C994A33}.Release|Any CPU.ActiveCfg = Release|Any CPU
		{F8F1FAF3-33BA-4667-A51B-A7D43C994A33}.Release|Any CPU.Build.0 = Release|Any CPU
	EndGlobalSection
	GlobalSection(SolutionProperties) = preSolution
		HideSolutionNode = FALSE
	EndGlobalSection
	GlobalSection(ExtensibilityGlobals) = postSolution
		SolutionGuid = {B75EFA72-CB30-452B-B080-B37EF434CB9C}
	EndGlobalSection
EndGlobal
